
Microsoft Visual Studio Solution File, Format Version 12.00
# Visual Studio 15
VisualStudioVersion = 15.0.28307.421
MinimumVisualStudioVersion = 10.0.40219.1
Project("{FAE04EC0-301F-11D3-BF4B-00C04F79EFBC}") = "WindowsFormsApp1", "WindowsFormsApp1\WindowsFormsApp1.csproj", "{DD67809C-0131-499B-B14B-295ABC7F3A28}"
EndProject
Global
	GlobalSection(SolutionConfigurationPlatforms) = preSolution
		Debug|Any CPU = Debug|Any CPU
		Release|Any CPU = Release|Any CPU
	EndGlobalSection
	GlobalSection(ProjectConfigurationPlatforms) = postSolution
		{DD67809C-0131-499B-B14B-295ABC7F3A28}.Debug|Any CPU.ActiveCfg = Debug|Any CPU
		{DD67809C-0131-499B-B14B-295ABC7F3A28}.Debug|Any CPU.Build.0 = Debug|Any CPU
		{DD67809C-0131-499B-B14B-295ABC7F3A28}.Release|Any CPU.ActiveCfg = Release|Any CPU
		{DD67809C-0131-499B-B14B-295ABC7F3A28}.Release|Any CPU.Build.0 = Release|Any CPU
	EndGlobalSection
	GlobalSection(SolutionProperties) = preSolution
		HideSolutionNode = FALSE
	EndGlobalSection
	GlobalSection(ExtensibilityGlobals) = postSolution
		SolutionGuid = {3AD4E660-D797-4EB2-B1D3-69011724B0A9}
	EndGlobalSection
EndGlobal
